{
  "nodes": {
    "cornelis": {
      "inputs": {
        "flake-compat": [
          "flake-compat"
        ],
        "flake-utils": [
          "flake-utils"
        ],
        "nixpkgs": [
          "nixpkgs-unstable"
        ]
      },
      "locked": {
        "lastModified": 1706916489,
        "narHash": "sha256-x6OrQdcViKUqF8m/yuF+hIJhecTwiwVSH9T/mJa+K4k=",
        "owner": "isovector",
        "repo": "cornelis",
        "rev": "c1f926eb8a2d5bd051e84f330864ebc3857a83f4",
        "type": "github"
      },
      "original": {
        "owner": "isovector",
        "repo": "cornelis",
        "type": "github"
      }
    },
    "darwin": {
      "inputs": {
        "nixpkgs": [
          "nixpkgs-unstable"
        ]
      },
      "locked": {
        "lastModified": 1707707289,
        "narHash": "sha256-YuDt/eSTXMEHv8jS8BEZJgqCcG8Tr3cyqaZjJFXZHsw=",
        "owner": "LnL7",
        "repo": "nix-darwin",
        "rev": "44f50a5ecaab72a61d5fd8e5c5717bc4bf9c25dd",
        "type": "github"
      },
      "original": {
        "owner": "LnL7",
        "repo": "nix-darwin",
        "type": "github"
      }
    },
    "devshell": {
      "inputs": {
        "nixpkgs": [
          "prefmanager",
          "nixpkgs"
        ],
        "systems": "systems_2"
      },
      "locked": {
        "lastModified": 1701787589,
        "narHash": "sha256-ce+oQR4Zq9VOsLoh9bZT8Ip9PaMLcjjBUHVPzW5d7Cw=",
        "owner": "numtide",
        "repo": "devshell",
        "rev": "44ddedcbcfc2d52a76b64fb6122f209881bd3e1e",
        "type": "github"
      },
      "original": {
        "owner": "numtide",
        "repo": "devshell",
        "type": "github"
      }
    },
    "flake-compat": {
      "flake": false,
      "locked": {
        "lastModified": 1696426674,
        "narHash": "sha256-kvjfFW7WAETZlt09AgDn1MrtKzP7t90Vf7vypd3OL1U=",
        "owner": "edolstra",
        "repo": "flake-compat",
        "rev": "0f9255e01c2351cc7d116c072cb317785dd33b33",
        "type": "github"
      },
      "original": {
        "owner": "edolstra",
        "repo": "flake-compat",
        "type": "github"
      }
    },
    "flake-utils": {
      "inputs": {
        "systems": "systems"
      },
      "locked": {
        "lastModified": 1705309234,
        "narHash": "sha256-uNRRNRKmJyCRC/8y1RqBkqWBLM034y4qN7EprSdmgyA=",
        "owner": "numtide",
        "repo": "flake-utils",
        "rev": "1ef2e671c3b0c19053962c07dbda38332dcebf26",
        "type": "github"
      },
      "original": {
        "owner": "numtide",
        "repo": "flake-utils",
        "type": "github"
      }
    },
    "home-manager": {
      "inputs": {
        "nixpkgs": [
          "nixpkgs-unstable"
        ]
      },
      "locked": {
        "lastModified": 1708031129,
        "narHash": "sha256-EH20hJfNnc1/ODdDVat9B7aKm0B95L3YtkIRwKLvQG8=",
        "owner": "nix-community",
        "repo": "home-manager",
        "rev": "3d6791b3897b526c82920a2ab5f61d71985b3cf8",
        "type": "github"
      },
      "original": {
        "owner": "nix-community",
        "repo": "home-manager",
        "type": "github"
      }
    },
    "nixpkgs-master": {
      "locked": {
        "lastModified": 1708214945,
        "narHash": "sha256-LwP/lKuPasVLqUX+XFf6DbW4BWmM7o5K5unx/dXCJWY=",
        "owner": "NixOS",
        "repo": "nixpkgs",
        "rev": "e015f24e508c549ab2ab2ad74dcdad3ae07513fe",
        "type": "github"
      },
      "original": {
        "owner": "NixOS",
        "ref": "master",
        "repo": "nixpkgs",
        "type": "github"
      }
    },
    "nixpkgs-stable": {
      "locked": {
        "lastModified": 1708105575,
        "narHash": "sha256-sS4AItZeUnAei6v8FqxNlm+/27MPlfoGym/TZP0rmH0=",
        "owner": "NixOS",
        "repo": "nixpkgs",
        "rev": "1d1817869c47682a6bee85b5b0a6537b6c0fba26",
        "type": "github"
      },
      "original": {
        "owner": "NixOS",
        "ref": "nixpkgs-23.11-darwin",
        "repo": "nixpkgs",
        "type": "github"
      }
    },
    "nixpkgs-unstable": {
      "locked": {
        "lastModified": 1708151420,
        "narHash": "sha256-MGT/4aGCWQPQiu6COqJdCj9kSpLPiShgbwpbC38YXC8=",
        "owner": "NixOS",
        "repo": "nixpkgs",
        "rev": "6e2f00c83911461438301db0dba5281197fe4b3a",
        "type": "github"
      },
      "original": {
        "owner": "NixOS",
        "ref": "nixpkgs-unstable",
        "repo": "nixpkgs",
        "type": "github"
      }
    },
    "plist-source": {
      "flake": false,
      "locked": {
        "lastModified": 1611283854,
        "narHash": "sha256-7ubuVH6P2uYeCq82/ALd6E5szjBBqEtcO61u+5qRCt0=",
        "owner": "malob",
        "repo": "plist",
        "rev": "5e22be0933bf9a100868b944fa7a8b1236b99255",
        "type": "github"
      },
      "original": {
        "owner": "malob",
        "ref": "monadfail",
        "repo": "plist",
        "type": "github"
      }
    },
    "prefmanager": {
      "inputs": {
        "devshell": "devshell",
        "flake-compat": [
          "flake-compat"
        ],
        "flake-utils": [
          "flake-utils"
        ],
        "nixpkgs": [
          "nixpkgs-unstable"
        ],
        "plist-source": "plist-source"
      },
      "locked": {
        "lastModified": 1703073067,
        "narHash": "sha256-JxaU0WXKd0Hj5Dr+YO5Td4IuuyNQKSFcToR3bUbCZtg=",
        "owner": "malob",
        "repo": "prefmanager",
        "rev": "747ec097810ecef2c9ad94fb99282bc1957af38a",
        "type": "github"
      },
      "original": {
        "owner": "malob",
        "repo": "prefmanager",
        "type": "github"
      }
    },
    "root": {
      "inputs": {
        "cornelis": "cornelis",
        "darwin": "darwin",
        "flake-compat": "flake-compat",
        "flake-utils": "flake-utils",
        "home-manager": "home-manager",
        "nixpkgs-master": "nixpkgs-master",
        "nixpkgs-stable": "nixpkgs-stable",
        "nixpkgs-unstable": "nixpkgs-unstable",
        "prefmanager": "prefmanager"
      }
    },
    "systems": {
      "locked": {
        "lastModified": 1681028828,
        "narHash": "sha256-Vy1rq5AaRuLzOxct8nz4T6wlgyUR7zLU309k9mBC768=",
        "owner": "nix-systems",
        "repo": "default",
        "rev": "da67096a3b9bf56a91d16901293e51ba5b49a27e",
        "type": "github"
      },
      "original": {
        "owner": "nix-systems",
        "repo": "default",
        "type": "github"
      }
    },
    "systems_2": {
      "locked": {
        "lastModified": 1681028828,
        "narHash": "sha256-Vy1rq5AaRuLzOxct8nz4T6wlgyUR7zLU309k9mBC768=",
        "owner": "nix-systems",
        "repo": "default",
        "rev": "da67096a3b9bf56a91d16901293e51ba5b49a27e",
        "type": "github"
      },
      "original": {
        "owner": "nix-systems",
        "repo": "default",
        "type": "github"
      }
    }
  },
  "root": "root",
  "version": 7
}
